
Microsoft Visual Studio Solution File, Format Version 12.00
# Visual Studio Version 16
VisualStudioVersion = 16.0.31112.23
MinimumVisualStudioVersion = 10.0.40219.1
Project("{2150E333-8FDC-42A3-9474-1A3956D46DE8}") = "src", "src", "{E2593BC2-A5F7-4B59-AF8D-2E38FA14D06F}"
EndProject
Project("{2150E333-8FDC-42A3-9474-1A3956D46DE8}") = "BuildingBlocks", "BuildingBlocks", "{D32E15DB-06B2-473A-A479-E0A4D2612D56}"
EndProject
Project("{2150E333-8FDC-42A3-9474-1A3956D46DE8}") = "Services", "Services", "{E71AB08E-36D0-49CB-8F7A-227BE9F2F1F8}"
EndProject
Project("{2150E333-8FDC-42A3-9474-1A3956D46DE8}") = "Web", "Web", "{A5D287AA-D917-49D9-AF2E-164673599FD9}"
EndProject
Project("{2150E333-8FDC-42A3-9474-1A3956D46DE8}") = "Identidade", "Identidade", "{AF8D64E8-818D-4E68-9F29-9E63DCED2D6C}"
EndProject
Project("{FAE04EC0-301F-11D3-BF4B-00C04F79EFBC}") = "Victor.Identidade.API", "src\Services\Victor.Identidade.API\Victor.Identidade.API.csproj", "{83F6EDFF-6AC7-4118-A9AA-777232AE45B3}"
EndProject
Project("{2150E333-8FDC-42A3-9474-1A3956D46DE8}") = "MVC", "MVC", "{3D71F31C-7142-4223-A497-9CF3ED90AF22}"
EndProject
Project("{FAE04EC0-301F-11D3-BF4B-00C04F79EFBC}") = "Victor.WebApp.MVC", "src\Web\Victor.WebApp.MVC\Victor.WebApp.MVC.csproj", "{BEC57502-FEAF-4494-A5F5-D3039D2CD760}"
EndProject
Project("{2150E333-8FDC-42A3-9474-1A3956D46DE8}") = "Core", "Core", "{D0A0E6D9-77C7-40A7-A736-DE26E6913905}"
EndProject
Project("{FAE04EC0-301F-11D3-BF4B-00C04F79EFBC}") = "Victor.Core", "src\BuildingBlocks\Victor.Core\Victor.Core.csproj", "{D7507ACF-5C05-49C9-A2A8-00F3B713CEFD}"
EndProject
Project("{2150E333-8FDC-42A3-9474-1A3956D46DE8}") = "Carrinho", "Carrinho", "{7FB58174-10B6-4762-8242-CC6D942768E3}"
EndProject
Project("{2150E333-8FDC-42A3-9474-1A3956D46DE8}") = "Catalogo", "Catalogo", "{B8D41EB2-F36E-4980-9887-0323A63011CE}"
EndProject
Project("{2150E333-8FDC-42A3-9474-1A3956D46DE8}") = "Cliente", "Cliente", "{7CF5627E-40FC-41FA-ADF1-EAF75B049F5D}"
EndProject
Project("{2150E333-8FDC-42A3-9474-1A3956D46DE8}") = "Pagamento", "Pagamento", "{D007C316-1EFD-42A8-9536-FF59D8C104C6}"
EndProject
Project("{2150E333-8FDC-42A3-9474-1A3956D46DE8}") = "Pedido", "Pedido", "{02A8D8DF-7A7C-4149-9CA0-719AB22BED3D}"
EndProject
Project("{FAE04EC0-301F-11D3-BF4B-00C04F79EFBC}") = "Victor.Carrinho.API", "src\Services\Victor.Carrinho.API\Victor.Carrinho.API.csproj", "{85E8E1F2-B600-416F-BA03-9827106A4195}"
EndProject
Project("{FAE04EC0-301F-11D3-BF4B-00C04F79EFBC}") = "Victor.Catalogo.API", "src\Services\Victor.Catalogo.API\Victor.Catalogo.API.csproj", "{0E1CD7F9-86F0-4B03-A3E9-C174F01EFD46}"
EndProject
Project("{FAE04EC0-301F-11D3-BF4B-00C04F79EFBC}") = "Victor.Cliente.API", "src\Services\Victor.Cliente.API\Victor.Cliente.API.csproj", "{10B94542-1E1F-4C36-B8CC-6B4CE8990605}"
EndProject
Project("{FAE04EC0-301F-11D3-BF4B-00C04F79EFBC}") = "Victor.Pagamento.API", "src\Services\Victor.Pagamento.API\Victor.Pagamento.API.csproj", "{213C05EB-5D05-4E18-BF2E-02186109536A}"
EndProject
Project("{FAE04EC0-301F-11D3-BF4B-00C04F79EFBC}") = "Victor.Pedido.API", "src\Services\Victor.Pedido.API\Victor.Pedido.API.csproj", "{23EA0EBC-08A2-4723-A3EE-220F51ED5815}"
EndProject
Global
	GlobalSection(SolutionConfigurationPlatforms) = preSolution
		Debug|Any CPU = Debug|Any CPU
		Release|Any CPU = Release|Any CPU
	EndGlobalSection
	GlobalSection(ProjectConfigurationPlatforms) = postSolution
		{83F6EDFF-6AC7-4118-A9AA-777232AE45B3}.Debug|Any CPU.ActiveCfg = Debug|Any CPU
		{83F6EDFF-6AC7-4118-A9AA-777232AE45B3}.Debug|Any CPU.Build.0 = Debug|Any CPU
		{83F6EDFF-6AC7-4118-A9AA-777232AE45B3}.Release|Any CPU.ActiveCfg = Release|Any CPU
		{83F6EDFF-6AC7-4118-A9AA-777232AE45B3}.Release|Any CPU.Build.0 = Release|Any CPU
		{BEC57502-FEAF-4494-A5F5-D3039D2CD760}.Debug|Any CPU.ActiveCfg = Debug|Any CPU
		{BEC57502-FEAF-4494-A5F5-D3039D2CD760}.Debug|Any CPU.Build.0 = Debug|Any CPU
		{BEC57502-FEAF-4494-A5F5-D3039D2CD760}.Release|Any CPU.ActiveCfg = Release|Any CPU
		{BEC57502-FEAF-4494-A5F5-D3039D2CD760}.Release|Any CPU.Build.0 = Release|Any CPU
		{D7507ACF-5C05-49C9-A2A8-00F3B713CEFD}.Debug|Any CPU.ActiveCfg = Debug|Any CPU
		{D7507ACF-5C05-49C9-A2A8-00F3B713CEFD}.Debug|Any CPU.Build.0 = Debug|Any CPU
		{D7507ACF-5C05-49C9-A2A8-00F3B713CEFD}.Release|Any CPU.ActiveCfg = Release|Any CPU
		{D7507ACF-5C05-49C9-A2A8-00F3B713CEFD}.Release|Any CPU.Build.0 = Release|Any CPU
		{85E8E1F2-B600-416F-BA03-9827106A4195}.Debug|Any CPU.ActiveCfg = Debug|Any CPU
		{85E8E1F2-B600-416F-BA03-9827106A4195}.Debug|Any CPU.Build.0 = Debug|Any CPU
		{85E8E1F2-B600-416F-BA03-9827106A4195}.Release|Any CPU.ActiveCfg = Release|Any CPU
		{85E8E1F2-B600-416F-BA03-9827106A4195}.Release|Any CPU.Build.0 = Release|Any CPU
		{0E1CD7F9-86F0-4B03-A3E9-C174F01EFD46}.Debug|Any CPU.ActiveCfg = Debug|Any CPU
		{0E1CD7F9-86F0-4B03-A3E9-C174F01EFD46}.Debug|Any CPU.Build.0 = Debug|Any CPU
		{0E1CD7F9-86F0-4B03-A3E9-C174F01EFD46}.Release|Any CPU.ActiveCfg = Release|Any CPU
		{0E1CD7F9-86F0-4B03-A3E9-C174F01EFD46}.Release|Any CPU.Build.0 = Release|Any CPU
		{10B94542-1E1F-4C36-B8CC-6B4CE8990605}.Debug|Any CPU.ActiveCfg = Debug|Any CPU
		{10B94542-1E1F-4C36-B8CC-6B4CE8990605}.Debug|Any CPU.Build.0 = Debug|Any CPU
		{10B94542-1E1F-4C36-B8CC-6B4CE8990605}.Release|Any CPU.ActiveCfg = Release|Any CPU
		{10B94542-1E1F-4C36-B8CC-6B4CE8990605}.Release|Any CPU.Build.0 = Release|Any CPU
		{213C05EB-5D05-4E18-BF2E-02186109536A}.Debug|Any CPU.ActiveCfg = Debug|Any CPU
		{213C05EB-5D05-4E18-BF2E-02186109536A}.Debug|Any CPU.Build.0 = Debug|Any CPU
		{213C05EB-5D05-4E18-BF2E-02186109536A}.Release|Any CPU.ActiveCfg = Release|Any CPU
		{213C05EB-5D05-4E18-BF2E-02186109536A}.Release|Any CPU.Build.0 = Release|Any CPU
		{23EA0EBC-08A2-4723-A3EE-220F51ED5815}.Debug|Any CPU.ActiveCfg = Debug|Any CPU
		{23EA0EBC-08A2-4723-A3EE-220F51ED5815}.Debug|Any CPU.Build.0 = Debug|Any CPU
		{23EA0EBC-08A2-4723-A3EE-220F51ED5815}.Release|Any CPU.ActiveCfg = Release|Any CPU
		{23EA0EBC-08A2-4723-A3EE-220F51ED5815}.Release|Any CPU.Build.0 = Release|Any CPU
	EndGlobalSection
	GlobalSection(SolutionProperties) = preSolution
		HideSolutionNode = FALSE
	EndGlobalSection
	GlobalSection(NestedProjects) = preSolution
		{D32E15DB-06B2-473A-A479-E0A4D2612D56} = {E2593BC2-A5F7-4B59-AF8D-2E38FA14D06F}
		{E71AB08E-36D0-49CB-8F7A-227BE9F2F1F8} = {E2593BC2-A5F7-4B59-AF8D-2E38FA14D06F}
		{A5D287AA-D917-49D9-AF2E-164673599FD9} = {E2593BC2-A5F7-4B59-AF8D-2E38FA14D06F}
		{AF8D64E8-818D-4E68-9F29-9E63DCED2D6C} = {E71AB08E-36D0-49CB-8F7A-227BE9F2F1F8}
		{83F6EDFF-6AC7-4118-A9AA-777232AE45B3} = {AF8D64E8-818D-4E68-9F29-9E63DCED2D6C}
		{3D71F31C-7142-4223-A497-9CF3ED90AF22} = {A5D287AA-D917-49D9-AF2E-164673599FD9}
		{BEC57502-FEAF-4494-A5F5-D3039D2CD760} = {3D71F31C-7142-4223-A497-9CF3ED90AF22}
		{D0A0E6D9-77C7-40A7-A736-DE26E6913905} = {D32E15DB-06B2-473A-A479-E0A4D2612D56}
		{D7507ACF-5C05-49C9-A2A8-00F3B713CEFD} = {D0A0E6D9-77C7-40A7-A736-DE26E6913905}
		{7FB58174-10B6-4762-8242-CC6D942768E3} = {E71AB08E-36D0-49CB-8F7A-227BE9F2F1F8}
		{B8D41EB2-F36E-4980-9887-0323A63011CE} = {E71AB08E-36D0-49CB-8F7A-227BE9F2F1F8}
		{7CF5627E-40FC-41FA-ADF1-EAF75B049F5D} = {E71AB08E-36D0-49CB-8F7A-227BE9F2F1F8}
		{D007C316-1EFD-42A8-9536-FF59D8C104C6} = {E71AB08E-36D0-49CB-8F7A-227BE9F2F1F8}
		{02A8D8DF-7A7C-4149-9CA0-719AB22BED3D} = {E71AB08E-36D0-49CB-8F7A-227BE9F2F1F8}
		{85E8E1F2-B600-416F-BA03-9827106A4195} = {7FB58174-10B6-4762-8242-CC6D942768E3}
		{0E1CD7F9-86F0-4B03-A3E9-C174F01EFD46} = {B8D41EB2-F36E-4980-9887-0323A63011CE}
		{10B94542-1E1F-4C36-B8CC-6B4CE8990605} = {7CF5627E-40FC-41FA-ADF1-EAF75B049F5D}
		{213C05EB-5D05-4E18-BF2E-02186109536A} = {D007C316-1EFD-42A8-9536-FF59D8C104C6}
		{23EA0EBC-08A2-4723-A3EE-220F51ED5815} = {02A8D8DF-7A7C-4149-9CA0-719AB22BED3D}
	EndGlobalSection
	GlobalSection(ExtensibilityGlobals) = postSolution
		SolutionGuid = {A9498185-92BF-40C1-BF5D-D2E3D07E48C6}
	EndGlobalSection
EndGlobal
